
Microsoft Visual Studio Solution File, Format Version 12.00
# Visual Studio Version 16
VisualStudioVersion = 16.0.33328.57
MinimumVisualStudioVersion = 10.0.40219.1
Project("{2150E333-8FDC-42A3-9474-1A3956D46DE8}") = "Solution Items", "Solution Items", "{CA081450-497D-4C10-A990-91B03858C536}"
	ProjectSection(SolutionItems) = preProject
		Granicus.MediaManager.UserSDK2.vsmdi = Granicus.MediaManager.UserSDK2.vsmdi
		localtestrun.testrunconfig = localtestrun.testrunconfig
	EndProjectSection
EndProject
Project("{FAE04EC0-301F-11D3-BF4B-00C04F79EFBC}") = "Granicus.MediaManager.SDK", "Granicus.MediaManager.UserSDK\Granicus.MediaManager.SDK.csproj", "{57C7FF27-BEF4-453B-ACD8-3B10254428D7}"
EndProject
Project("{FAE04EC0-301F-11D3-BF4B-00C04F79EFBC}") = "Upload Video", "Upload Video\Upload Video.csproj", "{2F1EAFF0-5CE0-4949-AA05-C51B385E3760}"
	ProjectSection(ProjectDependencies) = postProject
		{57C7FF27-BEF4-453B-ACD8-3B10254428D7} = {57C7FF27-BEF4-453B-ACD8-3B10254428D7}
	EndProjectSection
EndProject
Project("{FAE04EC0-301F-11D3-BF4B-00C04F79EFBC}") = "Upload Agenda", "Upload Agenda\Upload Agenda.csproj", "{17189061-BFF2-4496-96F1-6009430AD300}"
	ProjectSection(ProjectDependencies) = postProject
		{57C7FF27-BEF4-453B-ACD8-3B10254428D7} = {57C7FF27-BEF4-453B-ACD8-3B10254428D7}
	EndProjectSection
EndProject
Project("{FAE04EC0-301F-11D3-BF4B-00C04F79EFBC}") = "Download Minutes", "Download Minutes\Download Minutes.csproj", "{2968E6F3-5B12-4BD0-8219-2C724E7F35A1}"
	ProjectSection(ProjectDependencies) = postProject
		{57C7FF27-BEF4-453B-ACD8-3B10254428D7} = {57C7FF27-BEF4-453B-ACD8-3B10254428D7}
	EndProjectSection
EndProject
Project("{FAE04EC0-301F-11D3-BF4B-00C04F79EFBC}") = "Live Indexing", "Live Indexing\Live Indexing.csproj", "{25F81669-E39C-4F2E-8C8E-197F0DA809F8}"
	ProjectSection(ProjectDependencies) = postProject
		{57C7FF27-BEF4-453B-ACD8-3B10254428D7} = {57C7FF27-BEF4-453B-ACD8-3B10254428D7}
	EndProjectSection
EndProject
Project("{FAE04EC0-301F-11D3-BF4B-00C04F79EFBC}") = "Meeting Simulator", "Meeting Simulator\Meeting Simulator.csproj", "{59BF8770-0F6A-434D-96CB-E2A90612D40C}"
EndProject
Project("{FAE04EC0-301F-11D3-BF4B-00C04F79EFBC}") = "QuickTestHarness", "QuickTestHarness\QuickTestHarness.csproj", "{E5765A0E-5D34-4AAB-871F-91E302724665}"
EndProject
Project("{2150E333-8FDC-42A3-9474-1A3956D46DE8}") = ".nuget", ".nuget", "{CBECB50F-5E0B-48F3-B111-E8CEB2C285FE}"
	ProjectSection(SolutionItems) = preProject
		.nuget\NuGet.Config = .nuget\NuGet.Config
		.nuget\NuGet.exe = .nuget\NuGet.exe
		.nuget\NuGet.targets = .nuget\NuGet.targets
	EndProjectSection
EndProject
Project("{FAE04EC0-301F-11D3-BF4B-00C04F79EFBC}") = "Granicus.MediaManager.SDKTests", "Granicus.MediaManager.SDKTests\Granicus.MediaManager.SDKTests.csproj", "{4AE579E8-D923-4C8D-A22B-64AAB0D102BA}"
EndProject
Project("{FAE04EC0-301F-11D3-BF4B-00C04F79EFBC}") = "SDKExperiments", "SDKExperiments\SDKExperiments.csproj", "{3C4DE30F-B2F7-4EC8-8A2A-3CB2DD4B4323}"
EndProject
Global
	GlobalSection(SolutionConfigurationPlatforms) = preSolution
		Debug|Any CPU = Debug|Any CPU
		Debug|Mixed Platforms = Debug|Mixed Platforms
		Debug|x86 = Debug|x86
		Release|Any CPU = Release|Any CPU
		Release|Mixed Platforms = Release|Mixed Platforms
		Release|x86 = Release|x86
	EndGlobalSection
	GlobalSection(ProjectConfigurationPlatforms) = postSolution
		{57C7FF27-BEF4-453B-ACD8-3B10254428D7}.Debug|Any CPU.ActiveCfg = Debug|Any CPU
		{57C7FF27-BEF4-453B-ACD8-3B10254428D7}.Debug|Any CPU.Build.0 = Debug|Any CPU
		{57C7FF27-BEF4-453B-ACD8-3B10254428D7}.Debug|Mixed Platforms.ActiveCfg = Debug|Any CPU
		{57C7FF27-BEF4-453B-ACD8-3B10254428D7}.Debug|Mixed Platforms.Build.0 = Debug|Any CPU
		{57C7FF27-BEF4-453B-ACD8-3B10254428D7}.Debug|x86.ActiveCfg = Debug|Any CPU
		{57C7FF27-BEF4-453B-ACD8-3B10254428D7}.Release|Any CPU.ActiveCfg = Release|Any CPU
		{57C7FF27-BEF4-453B-ACD8-3B10254428D7}.Release|Any CPU.Build.0 = Release|Any CPU
		{57C7FF27-BEF4-453B-ACD8-3B10254428D7}.Release|Mixed Platforms.ActiveCfg = Release|Any CPU
		{57C7FF27-BEF4-453B-ACD8-3B10254428D7}.Release|Mixed Platforms.Build.0 = Release|Any CPU
		{57C7FF27-BEF4-453B-ACD8-3B10254428D7}.Release|x86.ActiveCfg = Release|x86
		{57C7FF27-BEF4-453B-ACD8-3B10254428D7}.Release|x86.Build.0 = Release|x86
		{2F1EAFF0-5CE0-4949-AA05-C51B385E3760}.Debug|Any CPU.ActiveCfg = Debug|Any CPU
		{2F1EAFF0-5CE0-4949-AA05-C51B385E3760}.Debug|Any CPU.Build.0 = Debug|Any CPU
		{2F1EAFF0-5CE0-4949-AA05-C51B385E3760}.Debug|Mixed Platforms.ActiveCfg = Debug|Any CPU
		{2F1EAFF0-5CE0-4949-AA05-C51B385E3760}.Debug|Mixed Platforms.Build.0 = Debug|Any CPU
		{2F1EAFF0-5CE0-4949-AA05-C51B385E3760}.Debug|x86.ActiveCfg = Debug|Any CPU
		{2F1EAFF0-5CE0-4949-AA05-C51B385E3760}.Release|Any CPU.ActiveCfg = Release|Any CPU
		{2F1EAFF0-5CE0-4949-AA05-C51B385E3760}.Release|Any CPU.Build.0 = Release|Any CPU
		{2F1EAFF0-5CE0-4949-AA05-C51B385E3760}.Release|Mixed Platforms.ActiveCfg = Release|Any CPU
		{2F1EAFF0-5CE0-4949-AA05-C51B385E3760}.Release|Mixed Platforms.Build.0 = Release|Any CPU
		{2F1EAFF0-5CE0-4949-AA05-C51B385E3760}.Release|x86.ActiveCfg = Release|x86
		{2F1EAFF0-5CE0-4949-AA05-C51B385E3760}.Release|x86.Build.0 = Release|x86
		{17189061-BFF2-4496-96F1-6009430AD300}.Debug|Any CPU.ActiveCfg = Debug|Any CPU
		{17189061-BFF2-4496-96F1-6009430AD300}.Debug|Any CPU.Build.0 = Debug|Any CPU
		{17189061-BFF2-4496-96F1-6009430AD300}.Debug|Mixed Platforms.ActiveCfg = Debug|Any CPU
		{17189061-BFF2-4496-96F1-6009430AD300}.Debug|Mixed Platforms.Build.0 = Debug|Any CPU
		{17189061-BFF2-4496-96F1-6009430AD300}.Debug|x86.ActiveCfg = Debug|Any CPU
		{17189061-BFF2-4496-96F1-6009430AD300}.Release|Any CPU.ActiveCfg = Release|Any CPU
		{17189061-BFF2-4496-96F1-6009430AD300}.Release|Any CPU.Build.0 = Release|Any CPU
		{17189061-BFF2-4496-96F1-6009430AD300}.Release|Mixed Platforms.ActiveCfg = Release|Any CPU
		{17189061-BFF2-4496-96F1-6009430AD300}.Release|Mixed Platforms.Build.0 = Release|Any CPU
		{17189061-BFF2-4496-96F1-6009430AD300}.Release|x86.ActiveCfg = Release|x86
		{17189061-BFF2-4496-96F1-6009430AD300}.Release|x86.Build.0 = Release|x86
		{2968E6F3-5B12-4BD0-8219-2C724E7F35A1}.Debug|Any CPU.ActiveCfg = Debug|Any CPU
		{2968E6F3-5B12-4BD0-8219-2C724E7F35A1}.Debug|Any CPU.Build.0 = Debug|Any CPU
		{2968E6F3-5B12-4BD0-8219-2C724E7F35A1}.Debug|Mixed Platforms.ActiveCfg = Debug|Any CPU
		{2968E6F3-5B12-4BD0-8219-2C724E7F35A1}.Debug|Mixed Platforms.Build.0 = Debug|Any CPU
		{2968E6F3-5B12-4BD0-8219-2C724E7F35A1}.Debug|x86.ActiveCfg = Debug|Any CPU
		{2968E6F3-5B12-4BD0-8219-2C724E7F35A1}.Release|Any CPU.ActiveCfg = Release|Any CPU
		{2968E6F3-5B12-4BD0-8219-2C724E7F35A1}.Release|Any CPU.Build.0 = Release|Any CPU
		{2968E6F3-5B12-4BD0-8219-2C724E7F35A1}.Release|Mixed Platforms.ActiveCfg = Release|Any CPU
		{2968E6F3-5B12-4BD0-8219-2C724E7F35A1}.Release|Mixed Platforms.Build.0 = Release|Any CPU
		{2968E6F3-5B12-4BD0-8219-2C724E7F35A1}.Release|x86.ActiveCfg = Release|x86
		{2968E6F3-5B12-4BD0-8219-2C724E7F35A1}.Release|x86.Build.0 = Release|x86
		{25F81669-E39C-4F2E-8C8E-197F0DA809F8}.Debug|Any CPU.ActiveCfg = Debug|Any CPU
		{25F81669-E39C-4F2E-8C8E-197F0DA809F8}.Debug|Any CPU.Build.0 = Debug|Any CPU
		{25F81669-E39C-4F2E-8C8E-197F0DA809F8}.Debug|Mixed Platforms.ActiveCfg = Debug|Any CPU
		{25F81669-E39C-4F2E-8C8E-197F0DA809F8}.Debug|Mixed Platforms.Build.0 = Debug|Any CPU
		{25F81669-E39C-4F2E-8C8E-197F0DA809F8}.Debug|x86.ActiveCfg = Debug|Any CPU
		{25F81669-E39C-4F2E-8C8E-197F0DA809F8}.Release|Any CPU.ActiveCfg = Release|Any CPU
		{25F81669-E39C-4F2E-8C8E-197F0DA809F8}.Release|Any CPU.Build.0 = Release|Any CPU
		{25F81669-E39C-4F2E-8C8E-197F0DA809F8}.Release|Mixed Platforms.ActiveCfg = Release|Any CPU
		{25F81669-E39C-4F2E-8C8E-197F0DA809F8}.Release|Mixed Platforms.Build.0 = Release|Any CPU
		{25F81669-E39C-4F2E-8C8E-197F0DA809F8}.Release|x86.ActiveCfg = Release|x86
		{25F81669-E39C-4F2E-8C8E-197F0DA809F8}.Release|x86.Build.0 = Release|x86
		{59BF8770-0F6A-434D-96CB-E2A90612D40C}.Debug|Any CPU.ActiveCfg = Debug|Any CPU
		{59BF8770-0F6A-434D-96CB-E2A90612D40C}.Debug|Any CPU.Build.0 = Debug|Any CPU
		{59BF8770-0F6A-434D-96CB-E2A90612D40C}.Debug|Mixed Platforms.ActiveCfg = Debug|Any CPU
		{59BF8770-0F6A-434D-96CB-E2A90612D40C}.Debug|Mixed Platforms.Build.0 = Debug|Any CPU
		{59BF8770-0F6A-434D-96CB-E2A90612D40C}.Debug|x86.ActiveCfg = Debug|Any CPU
		{59BF8770-0F6A-434D-96CB-E2A90612D40C}.Release|Any CPU.ActiveCfg = Release|Any CPU
		{59BF8770-0F6A-434D-96CB-E2A90612D40C}.Release|Any CPU.Build.0 = Release|Any CPU
		{59BF8770-0F6A-434D-96CB-E2A90612D40C}.Release|Mixed Platforms.ActiveCfg = Release|Any CPU
		{59BF8770-0F6A-434D-96CB-E2A90612D40C}.Release|Mixed Platforms.Build.0 = Release|Any CPU
		{59BF8770-0F6A-434D-96CB-E2A90612D40C}.Release|x86.ActiveCfg = Release|x86
		{59BF8770-0F6A-434D-96CB-E2A90612D40C}.Release|x86.Build.0 = Release|x86
		{E5765A0E-5D34-4AAB-871F-91E302724665}.Debug|Any CPU.ActiveCfg = Debug|x86
		{E5765A0E-5D34-4AAB-871F-91E302724665}.Debug|Any CPU.Build.0 = Debug|x86
		{E5765A0E-5D34-4AAB-871F-91E302724665}.Debug|Mixed Platforms.ActiveCfg = Debug|x86
		{E5765A0E-5D34-4AAB-871F-91E302724665}.Debug|Mixed Platforms.Build.0 = Debug|x86
		{E5765A0E-5D34-4AAB-871F-91E302724665}.Debug|x86.ActiveCfg = Debug|x86
		{E5765A0E-5D34-4AAB-871F-91E302724665}.Debug|x86.Build.0 = Debug|x86
		{E5765A0E-5D34-4AAB-871F-91E302724665}.Release|Any CPU.ActiveCfg = Release|x86
		{E5765A0E-5D34-4AAB-871F-91E302724665}.Release|Any CPU.Build.0 = Release|x86
		{E5765A0E-5D34-4AAB-871F-91E302724665}.Release|Mixed Platforms.ActiveCfg = Release|x86
		{E5765A0E-5D34-4AAB-871F-91E302724665}.Release|Mixed Platforms.Build.0 = Release|x86
		{E5765A0E-5D34-4AAB-871F-91E302724665}.Release|x86.ActiveCfg = Release|x86
		{E5765A0E-5D34-4AAB-871F-91E302724665}.Release|x86.Build.0 = Release|x86
		{4AE579E8-D923-4C8D-A22B-64AAB0D102BA}.Debug|Any CPU.ActiveCfg = Debug|Any CPU
		{4AE579E8-D923-4C8D-A22B-64AAB0D102BA}.Debug|Any CPU.Build.0 = Debug|Any CPU
		{4AE579E8-D923-4C8D-A22B-64AAB0D102BA}.Debug|Mixed Platforms.ActiveCfg = Debug|Any CPU
		{4AE579E8-D923-4C8D-A22B-64AAB0D102BA}.Debug|Mixed Platforms.Build.0 = Debug|Any CPU
		{4AE579E8-D923-4C8D-A22B-64AAB0D102BA}.Debug|x86.ActiveCfg = Debug|Any CPU
		{4AE579E8-D923-4C8D-A22B-64AAB0D102BA}.Release|Any CPU.ActiveCfg = Release|Any CPU
		{4AE579E8-D923-4C8D-A22B-64AAB0D102BA}.Release|Any CPU.Build.0 = Release|Any CPU
		{4AE579E8-D923-4C8D-A22B-64AAB0D102BA}.Release|Mixed Platforms.ActiveCfg = Release|Any CPU
		{4AE579E8-D923-4C8D-A22B-64AAB0D102BA}.Release|Mixed Platforms.Build.0 = Release|Any CPU
		{4AE579E8-D923-4C8D-A22B-64AAB0D102BA}.Release|x86.ActiveCfg = Release|x86
		{4AE579E8-D923-4C8D-A22B-64AAB0D102BA}.Release|x86.Build.0 = Release|x86
		{3C4DE30F-B2F7-4EC8-8A2A-3CB2DD4B4323}.Debug|Any CPU.ActiveCfg = Debug|Any CPU
		{3C4DE30F-B2F7-4EC8-8A2A-3CB2DD4B4323}.Debug|Any CPU.Build.0 = Debug|Any CPU
		{3C4DE30F-B2F7-4EC8-8A2A-3CB2DD4B4323}.Debug|Mixed Platforms.ActiveCfg = Debug|Any CPU
		{3C4DE30F-B2F7-4EC8-8A2A-3CB2DD4B4323}.Debug|Mixed Platforms.Build.0 = Debug|Any CPU
		{3C4DE30F-B2F7-4EC8-8A2A-3CB2DD4B4323}.Debug|x86.ActiveCfg = Debug|Any CPU
		{3C4DE30F-B2F7-4EC8-8A2A-3CB2DD4B4323}.Debug|x86.Build.0 = Debug|Any CPU
		{3C4DE30F-B2F7-4EC8-8A2A-3CB2DD4B4323}.Release|Any CPU.ActiveCfg = Release|Any CPU
		{3C4DE30F-B2F7-4EC8-8A2A-3CB2DD4B4323}.Release|Any CPU.Build.0 = Release|Any CPU
		{3C4DE30F-B2F7-4EC8-8A2A-3CB2DD4B4323}.Release|Mixed Platforms.ActiveCfg = Release|Any CPU
		{3C4DE30F-B2F7-4EC8-8A2A-3CB2DD4B4323}.Release|Mixed Platforms.Build.0 = Release|Any CPU
		{3C4DE30F-B2F7-4EC8-8A2A-3CB2DD4B4323}.Release|x86.ActiveCfg = Release|Any CPU
		{3C4DE30F-B2F7-4EC8-8A2A-3CB2DD4B4323}.Release|x86.Build.0 = Release|Any CPU
	EndGlobalSection
	GlobalSection(SolutionProperties) = preSolution
		HideSolutionNode = FALSE
	EndGlobalSection
	GlobalSection(ExtensibilityGlobals) = postSolution
		SolutionGuid = {82A4D650-92D0-483A-863D-8CB6BBE45660}
	EndGlobalSection
	GlobalSection(TestCaseManagementSettings) = postSolution
		CategoryFile = Granicus.MediaManager.UserSDK2.vsmdi
	EndGlobalSection
	GlobalSection(MonoDevelopProperties) = preSolution
		StartupItem = Granicus.MediaManager.UserSDK\Granicus.MediaManager.SDK.csproj
	EndGlobalSection
EndGlobal
